
Microsoft Visual Studio Solution File, Format Version 12.00
# Visual Studio 2015
Project("{FAE04EC0-301F-11D3-BF4B-00C04F79EFBC}") = "Individual-Project.CSharp", "Individual-Project.CSharp.csproj", "{86533E3E-5178-FF79-4E0C-148D82E6B3BA}"
EndProject
Global
	GlobalSection(SolutionConfigurationPlatforms) = preSolution
		Debug|Any CPU = Debug|Any CPU
		Release|Any CPU = Release|Any CPU
	EndGlobalSection
	GlobalSection(ProjectConfigurationPlatforms) = postSolution
		{86533E3E-5178-FF79-4E0C-148D82E6B3BA}.Debug|Any CPU.ActiveCfg = Debug|Any CPU
		{86533E3E-5178-FF79-4E0C-148D82E6B3BA}.Debug|Any CPU.Build.0 = Debug|Any CPU
		{86533E3E-5178-FF79-4E0C-148D82E6B3BA}.Release|Any CPU.ActiveCfg = Release|Any CPU
		{86533E3E-5178-FF79-4E0C-148D82E6B3BA}.Release|Any CPU.Build.0 = Release|Any CPU
	EndGlobalSection
	GlobalSection(SolutionProperties) = preSolution
		HideSolutionNode = FALSE
	EndGlobalSection
EndGlobal
